
Microsoft Visual Studio Solution File, Format Version 12.00
# Visual Studio Version 17
VisualStudioVersion = 17.5.002.0
MinimumVisualStudioVersion = 10.0.40219.1
Project("{9A19103F-16F7-4668-BE54-9A1E7A4F7556}") = "booking-company", "booking-company\booking-company.csproj", "{841D8A5F-DAAB-427B-8253-9DE3CFDE3271}"
EndProject
Global
	GlobalSection(SolutionConfigurationPlatforms) = preSolution
		Debug|Any CPU = Debug|Any CPU
		Release|Any CPU = Release|Any CPU
	EndGlobalSection
	GlobalSection(ProjectConfigurationPlatforms) = postSolution
		{841D8A5F-DAAB-427B-8253-9DE3CFDE3271}.Debug|Any CPU.ActiveCfg = Debug|Any CPU
		{841D8A5F-DAAB-427B-8253-9DE3CFDE3271}.Debug|Any CPU.Build.0 = Debug|Any CPU
		{841D8A5F-DAAB-427B-8253-9DE3CFDE3271}.Release|Any CPU.ActiveCfg = Release|Any CPU
		{841D8A5F-DAAB-427B-8253-9DE3CFDE3271}.Release|Any CPU.Build.0 = Release|Any CPU
	EndGlobalSection
	GlobalSection(SolutionProperties) = preSolution
		HideSolutionNode = FALSE
	EndGlobalSection
	GlobalSection(ExtensibilityGlobals) = postSolution
		SolutionGuid = {2FF2FEC1-55AF-4462-B19F-A60FB0A53ABB}
	EndGlobalSection
EndGlobal
